
Microsoft Visual Studio Solution File, Format Version 12.00
# Visual Studio 15
Project("{FAE04EC0-301F-11D3-BF4B-00C04F79EFBC}") = "UniTask", "UniTask.csproj", "{505CECEC-6707-2F2F-D1F5-0342FF3EA48A}"
EndProject
Project("{FAE04EC0-301F-11D3-BF4B-00C04F79EFBC}") = "Assembly-CSharp", "Assembly-CSharp.csproj", "{600E8136-1B42-B7F8-35A8-79EC3CB6C059}"
EndProject
Project("{FAE04EC0-301F-11D3-BF4B-00C04F79EFBC}") = "UniTask.Linq", "UniTask.Linq.csproj", "{66176EED-2467-C812-A2C7-BDFE88FB6DDE}"
EndProject
Project("{FAE04EC0-301F-11D3-BF4B-00C04F79EFBC}") = "spine-unity-examples", "spine-unity-examples.csproj", "{0FA632A3-6689-958B-6615-40E0ADB18623}"
EndProject
Project("{FAE04EC0-301F-11D3-BF4B-00C04F79EFBC}") = "spine-unity", "spine-unity.csproj", "{37BCF6BC-6E08-1D1E-79F4-47CD58D80E72}"
EndProject
Project("{FAE04EC0-301F-11D3-BF4B-00C04F79EFBC}") = "spine-csharp", "spine-csharp.csproj", "{D327827A-D0DB-C156-895F-6A421D20E1F6}"
EndProject
Project("{FAE04EC0-301F-11D3-BF4B-00C04F79EFBC}") = "UniTask.DOTween", "UniTask.DOTween.csproj", "{54BBF020-002A-04BC-B2DD-D0F635C2B8A7}"
EndProject
Project("{FAE04EC0-301F-11D3-BF4B-00C04F79EFBC}") = "UniTask.TextMeshPro", "UniTask.TextMeshPro.csproj", "{9D6172F5-15FD-E709-AC4E-0E9F8E3A89D8}"
EndProject
Project("{FAE04EC0-301F-11D3-BF4B-00C04F79EFBC}") = "UniTask.Addressables", "UniTask.Addressables.csproj", "{411AC0A3-BBB0-D24B-E418-6412A60AD7AA}"
EndProject
Project("{FAE04EC0-301F-11D3-BF4B-00C04F79EFBC}") = "spine-unity-editor", "spine-unity-editor.csproj", "{C7C11A2B-A1B3-6F2C-380A-5F2F5D89375B}"
EndProject
Project("{FAE04EC0-301F-11D3-BF4B-00C04F79EFBC}") = "UniTask.Editor", "UniTask.Editor.csproj", "{E0F39CA9-4381-935D-D75E-488CAFDF8352}"
EndProject
Project("{FAE04EC0-301F-11D3-BF4B-00C04F79EFBC}") = "spine-unity-examples-editor", "spine-unity-examples-editor.csproj", "{093EC283-83E9-3BC1-6A78-2AF0DC439091}"
EndProject
Project("{FAE04EC0-301F-11D3-BF4B-00C04F79EFBC}") = "Assembly-CSharp-Editor", "Assembly-CSharp-Editor.csproj", "{645A28FF-C28E-9340-251B-C561580AD152}"
EndProject
Project("{FAE04EC0-301F-11D3-BF4B-00C04F79EFBC}") = "UniTask", "UniTask.Player.csproj", "{C0CFCFDC-E4F4-634F-6ACB-428983124D4A}"
EndProject
Project("{FAE04EC0-301F-11D3-BF4B-00C04F79EFBC}") = "Assembly-CSharp", "Assembly-CSharp.Player.csproj", "{0ECFA0AA-C451-0321-D9F2-4201F33F40CB}"
EndProject
Project("{FAE04EC0-301F-11D3-BF4B-00C04F79EFBC}") = "UniTask.Linq", "UniTask.Linq.Player.csproj", "{571E1C91-C539-D49D-2BFD-100035BD235A}"
EndProject
Project("{FAE04EC0-301F-11D3-BF4B-00C04F79EFBC}") = "spine-unity-examples", "spine-unity-examples.Player.csproj", "{4DAB4712-A7C2-A01F-A908-A6A597C2BDEE}"
EndProject
Project("{FAE04EC0-301F-11D3-BF4B-00C04F79EFBC}") = "spine-unity", "spine-unity.Player.csproj", "{D48B06B0-9B8F-D63D-C3CB-5021E2635DB9}"
EndProject
Project("{FAE04EC0-301F-11D3-BF4B-00C04F79EFBC}") = "spine-csharp", "spine-csharp.Player.csproj", "{838C92A0-12A3-17E1-F4B8-2769A42BBEBE}"
EndProject
Project("{FAE04EC0-301F-11D3-BF4B-00C04F79EFBC}") = "UniTask.DOTween", "UniTask.DOTween.Player.csproj", "{9D393558-C56D-9668-31D6-66B11C9294B3}"
EndProject
Project("{FAE04EC0-301F-11D3-BF4B-00C04F79EFBC}") = "UniTask.TextMeshPro", "UniTask.TextMeshPro.Player.csproj", "{1AE7F2B9-9434-520B-A72A-AC906ABA4831}"
EndProject
Project("{FAE04EC0-301F-11D3-BF4B-00C04F79EFBC}") = "UniTask.Addressables", "UniTask.Addressables.Player.csproj", "{1673B592-1E37-99A7-D05B-EBF19B7A2E4B}"
EndProject
Global
	GlobalSection(SolutionConfigurationPlatforms) = preSolution
		Debug|Any CPU = Debug|Any CPU
		Release|Any CPU = Release|Any CPU
	EndGlobalSection
	GlobalSection(ProjectConfigurationPlatforms) = postSolution
		{505CECEC-6707-2F2F-D1F5-0342FF3EA48A}.Debug|Any CPU.ActiveCfg = Debug|Any CPU
		{505CECEC-6707-2F2F-D1F5-0342FF3EA48A}.Debug|Any CPU.Build.0 = Debug|Any CPU
		{505CECEC-6707-2F2F-D1F5-0342FF3EA48A}.Release|Any CPU.ActiveCfg = Release|Any CPU
		{505CECEC-6707-2F2F-D1F5-0342FF3EA48A}.Release|Any CPU.Build.0 = Release|Any CPU
		{600E8136-1B42-B7F8-35A8-79EC3CB6C059}.Debug|Any CPU.ActiveCfg = Debug|Any CPU
		{600E8136-1B42-B7F8-35A8-79EC3CB6C059}.Debug|Any CPU.Build.0 = Debug|Any CPU
		{600E8136-1B42-B7F8-35A8-79EC3CB6C059}.Release|Any CPU.ActiveCfg = Release|Any CPU
		{600E8136-1B42-B7F8-35A8-79EC3CB6C059}.Release|Any CPU.Build.0 = Release|Any CPU
		{66176EED-2467-C812-A2C7-BDFE88FB6DDE}.Debug|Any CPU.ActiveCfg = Debug|Any CPU
		{66176EED-2467-C812-A2C7-BDFE88FB6DDE}.Debug|Any CPU.Build.0 = Debug|Any CPU
		{66176EED-2467-C812-A2C7-BDFE88FB6DDE}.Release|Any CPU.ActiveCfg = Release|Any CPU
		{66176EED-2467-C812-A2C7-BDFE88FB6DDE}.Release|Any CPU.Build.0 = Release|Any CPU
		{0FA632A3-6689-958B-6615-40E0ADB18623}.Debug|Any CPU.ActiveCfg = Debug|Any CPU
		{0FA632A3-6689-958B-6615-40E0ADB18623}.Debug|Any CPU.Build.0 = Debug|Any CPU
		{0FA632A3-6689-958B-6615-40E0ADB18623}.Release|Any CPU.ActiveCfg = Release|Any CPU
		{0FA632A3-6689-958B-6615-40E0ADB18623}.Release|Any CPU.Build.0 = Release|Any CPU
		{37BCF6BC-6E08-1D1E-79F4-47CD58D80E72}.Debug|Any CPU.ActiveCfg = Debug|Any CPU
		{37BCF6BC-6E08-1D1E-79F4-47CD58D80E72}.Debug|Any CPU.Build.0 = Debug|Any CPU
		{37BCF6BC-6E08-1D1E-79F4-47CD58D80E72}.Release|Any CPU.ActiveCfg = Release|Any CPU
		{37BCF6BC-6E08-1D1E-79F4-47CD58D80E72}.Release|Any CPU.Build.0 = Release|Any CPU
		{D327827A-D0DB-C156-895F-6A421D20E1F6}.Debug|Any CPU.ActiveCfg = Debug|Any CPU
		{D327827A-D0DB-C156-895F-6A421D20E1F6}.Debug|Any CPU.Build.0 = Debug|Any CPU
		{D327827A-D0DB-C156-895F-6A421D20E1F6}.Release|Any CPU.ActiveCfg = Release|Any CPU
		{D327827A-D0DB-C156-895F-6A421D20E1F6}.Release|Any CPU.Build.0 = Release|Any CPU
		{54BBF020-002A-04BC-B2DD-D0F635C2B8A7}.Debug|Any CPU.ActiveCfg = Debug|Any CPU
		{54BBF020-002A-04BC-B2DD-D0F635C2B8A7}.Debug|Any CPU.Build.0 = Debug|Any CPU
		{54BBF020-002A-04BC-B2DD-D0F635C2B8A7}.Release|Any CPU.ActiveCfg = Release|Any CPU
		{54BBF020-002A-04BC-B2DD-D0F635C2B8A7}.Release|Any CPU.Build.0 = Release|Any CPU
		{9D6172F5-15FD-E709-AC4E-0E9F8E3A89D8}.Debug|Any CPU.ActiveCfg = Debug|Any CPU
		{9D6172F5-15FD-E709-AC4E-0E9F8E3A89D8}.Debug|Any CPU.Build.0 = Debug|Any CPU
		{9D6172F5-15FD-E709-AC4E-0E9F8E3A89D8}.Release|Any CPU.ActiveCfg = Release|Any CPU
		{9D6172F5-15FD-E709-AC4E-0E9F8E3A89D8}.Release|Any CPU.Build.0 = Release|Any CPU
		{411AC0A3-BBB0-D24B-E418-6412A60AD7AA}.Debug|Any CPU.ActiveCfg = Debug|Any CPU
		{411AC0A3-BBB0-D24B-E418-6412A60AD7AA}.Debug|Any CPU.Build.0 = Debug|Any CPU
		{411AC0A3-BBB0-D24B-E418-6412A60AD7AA}.Release|Any CPU.ActiveCfg = Release|Any CPU
		{411AC0A3-BBB0-D24B-E418-6412A60AD7AA}.Release|Any CPU.Build.0 = Release|Any CPU
		{C7C11A2B-A1B3-6F2C-380A-5F2F5D89375B}.Debug|Any CPU.ActiveCfg = Debug|Any CPU
		{C7C11A2B-A1B3-6F2C-380A-5F2F5D89375B}.Debug|Any CPU.Build.0 = Debug|Any CPU
		{C7C11A2B-A1B3-6F2C-380A-5F2F5D89375B}.Release|Any CPU.ActiveCfg = Release|Any CPU
		{C7C11A2B-A1B3-6F2C-380A-5F2F5D89375B}.Release|Any CPU.Build.0 = Release|Any CPU
		{E0F39CA9-4381-935D-D75E-488CAFDF8352}.Debug|Any CPU.ActiveCfg = Debug|Any CPU
		{E0F39CA9-4381-935D-D75E-488CAFDF8352}.Debug|Any CPU.Build.0 = Debug|Any CPU
		{E0F39CA9-4381-935D-D75E-488CAFDF8352}.Release|Any CPU.ActiveCfg = Release|Any CPU
		{E0F39CA9-4381-935D-D75E-488CAFDF8352}.Release|Any CPU.Build.0 = Release|Any CPU
		{093EC283-83E9-3BC1-6A78-2AF0DC439091}.Debug|Any CPU.ActiveCfg = Debug|Any CPU
		{093EC283-83E9-3BC1-6A78-2AF0DC439091}.Debug|Any CPU.Build.0 = Debug|Any CPU
		{093EC283-83E9-3BC1-6A78-2AF0DC439091}.Release|Any CPU.ActiveCfg = Release|Any CPU
		{093EC283-83E9-3BC1-6A78-2AF0DC439091}.Release|Any CPU.Build.0 = Release|Any CPU
		{645A28FF-C28E-9340-251B-C561580AD152}.Debug|Any CPU.ActiveCfg = Debug|Any CPU
		{645A28FF-C28E-9340-251B-C561580AD152}.Debug|Any CPU.Build.0 = Debug|Any CPU
		{645A28FF-C28E-9340-251B-C561580AD152}.Release|Any CPU.ActiveCfg = Release|Any CPU
		{645A28FF-C28E-9340-251B-C561580AD152}.Release|Any CPU.Build.0 = Release|Any CPU
		{C0CFCFDC-E4F4-634F-6ACB-428983124D4A}.Debug|Any CPU.ActiveCfg = Debug|Any CPU
		{C0CFCFDC-E4F4-634F-6ACB-428983124D4A}.Debug|Any CPU.Build.0 = Debug|Any CPU
		{C0CFCFDC-E4F4-634F-6ACB-428983124D4A}.Release|Any CPU.ActiveCfg = Release|Any CPU
		{C0CFCFDC-E4F4-634F-6ACB-428983124D4A}.Release|Any CPU.Build.0 = Release|Any CPU
		{0ECFA0AA-C451-0321-D9F2-4201F33F40CB}.Debug|Any CPU.ActiveCfg = Debug|Any CPU
		{0ECFA0AA-C451-0321-D9F2-4201F33F40CB}.Debug|Any CPU.Build.0 = Debug|Any CPU
		{0ECFA0AA-C451-0321-D9F2-4201F33F40CB}.Release|Any CPU.ActiveCfg = Release|Any CPU
		{0ECFA0AA-C451-0321-D9F2-4201F33F40CB}.Release|Any CPU.Build.0 = Release|Any CPU
		{571E1C91-C539-D49D-2BFD-100035BD235A}.Debug|Any CPU.ActiveCfg = Debug|Any CPU
		{571E1C91-C539-D49D-2BFD-100035BD235A}.Debug|Any CPU.Build.0 = Debug|Any CPU
		{571E1C91-C539-D49D-2BFD-100035BD235A}.Release|Any CPU.ActiveCfg = Release|Any CPU
		{571E1C91-C539-D49D-2BFD-100035BD235A}.Release|Any CPU.Build.0 = Release|Any CPU
		{4DAB4712-A7C2-A01F-A908-A6A597C2BDEE}.Debug|Any CPU.ActiveCfg = Debug|Any CPU
		{4DAB4712-A7C2-A01F-A908-A6A597C2BDEE}.Debug|Any CPU.Build.0 = Debug|Any CPU
		{4DAB4712-A7C2-A01F-A908-A6A597C2BDEE}.Release|Any CPU.ActiveCfg = Release|Any CPU
		{4DAB4712-A7C2-A01F-A908-A6A597C2BDEE}.Release|Any CPU.Build.0 = Release|Any CPU
		{D48B06B0-9B8F-D63D-C3CB-5021E2635DB9}.Debug|Any CPU.ActiveCfg = Debug|Any CPU
		{D48B06B0-9B8F-D63D-C3CB-5021E2635DB9}.Debug|Any CPU.Build.0 = Debug|Any CPU
		{D48B06B0-9B8F-D63D-C3CB-5021E2635DB9}.Release|Any CPU.ActiveCfg = Release|Any CPU
		{D48B06B0-9B8F-D63D-C3CB-5021E2635DB9}.Release|Any CPU.Build.0 = Release|Any CPU
		{838C92A0-12A3-17E1-F4B8-2769A42BBEBE}.Debug|Any CPU.ActiveCfg = Debug|Any CPU
		{838C92A0-12A3-17E1-F4B8-2769A42BBEBE}.Debug|Any CPU.Build.0 = Debug|Any CPU
		{838C92A0-12A3-17E1-F4B8-2769A42BBEBE}.Release|Any CPU.ActiveCfg = Release|Any CPU
		{838C92A0-12A3-17E1-F4B8-2769A42BBEBE}.Release|Any CPU.Build.0 = Release|Any CPU
		{9D393558-C56D-9668-31D6-66B11C9294B3}.Debug|Any CPU.ActiveCfg = Debug|Any CPU
		{9D393558-C56D-9668-31D6-66B11C9294B3}.Debug|Any CPU.Build.0 = Debug|Any CPU
		{9D393558-C56D-9668-31D6-66B11C9294B3}.Release|Any CPU.ActiveCfg = Release|Any CPU
		{9D393558-C56D-9668-31D6-66B11C9294B3}.Release|Any CPU.Build.0 = Release|Any CPU
		{1AE7F2B9-9434-520B-A72A-AC906ABA4831}.Debug|Any CPU.ActiveCfg = Debug|Any CPU
		{1AE7F2B9-9434-520B-A72A-AC906ABA4831}.Debug|Any CPU.Build.0 = Debug|Any CPU
		{1AE7F2B9-9434-520B-A72A-AC906ABA4831}.Release|Any CPU.ActiveCfg = Release|Any CPU
		{1AE7F2B9-9434-520B-A72A-AC906ABA4831}.Release|Any CPU.Build.0 = Release|Any CPU
		{1673B592-1E37-99A7-D05B-EBF19B7A2E4B}.Debug|Any CPU.ActiveCfg = Debug|Any CPU
		{1673B592-1E37-99A7-D05B-EBF19B7A2E4B}.Debug|Any CPU.Build.0 = Debug|Any CPU
		{1673B592-1E37-99A7-D05B-EBF19B7A2E4B}.Release|Any CPU.ActiveCfg = Release|Any CPU
		{1673B592-1E37-99A7-D05B-EBF19B7A2E4B}.Release|Any CPU.Build.0 = Release|Any CPU
	EndGlobalSection
	GlobalSection(SolutionProperties) = preSolution
		HideSolutionNode = FALSE
	EndGlobalSection
EndGlobal
